
Microsoft Visual Studio Solution File, Format Version 12.00
# Visual Studio Version 17
VisualStudioVersion = 17.0.31903.59
MinimumVisualStudioVersion = 10.0.40219.1
Project("{FAE04EC0-301F-11D3-BF4B-00C04F79EFBC}") = "Application", "Application\Application.csproj", "{C781B8BC-603A-4290-9FD3-C3C2F855C661}"
EndProject
Project("{FAE04EC0-301F-11D3-BF4B-00C04F79EFBC}") = "Domain", "Domain\Domain.csproj", "{3AB2B9B7-8A73-4315-939C-B4BC01929BCD}"
EndProject
Project("{FAE04EC0-301F-11D3-BF4B-00C04F79EFBC}") = "Infrastructure", "Infrastructure\Infrastructure.csproj", "{D2D120C4-A9E2-4992-AEE1-315F2E5E492F}"
EndProject
Project("{FAE04EC0-301F-11D3-BF4B-00C04F79EFBC}") = "InterfaceAdapters", "InterfaceAdapters\InterfaceAdapters.csproj", "{AF578493-D9C2-43EF-BD6A-360ECE62090D}"
EndProject
Global
	GlobalSection(SolutionConfigurationPlatforms) = preSolution
		Debug|Any CPU = Debug|Any CPU
		Debug|x64 = Debug|x64
		Debug|x86 = Debug|x86
		Release|Any CPU = Release|Any CPU
		Release|x64 = Release|x64
		Release|x86 = Release|x86
	EndGlobalSection
	GlobalSection(ProjectConfigurationPlatforms) = postSolution
		{C781B8BC-603A-4290-9FD3-C3C2F855C661}.Debug|Any CPU.ActiveCfg = Debug|Any CPU
		{C781B8BC-603A-4290-9FD3-C3C2F855C661}.Debug|Any CPU.Build.0 = Debug|Any CPU
		{C781B8BC-603A-4290-9FD3-C3C2F855C661}.Debug|x64.ActiveCfg = Debug|Any CPU
		{C781B8BC-603A-4290-9FD3-C3C2F855C661}.Debug|x64.Build.0 = Debug|Any CPU
		{C781B8BC-603A-4290-9FD3-C3C2F855C661}.Debug|x86.ActiveCfg = Debug|Any CPU
		{C781B8BC-603A-4290-9FD3-C3C2F855C661}.Debug|x86.Build.0 = Debug|Any CPU
		{C781B8BC-603A-4290-9FD3-C3C2F855C661}.Release|Any CPU.ActiveCfg = Release|Any CPU
		{C781B8BC-603A-4290-9FD3-C3C2F855C661}.Release|Any CPU.Build.0 = Release|Any CPU
		{C781B8BC-603A-4290-9FD3-C3C2F855C661}.Release|x64.ActiveCfg = Release|Any CPU
		{C781B8BC-603A-4290-9FD3-C3C2F855C661}.Release|x64.Build.0 = Release|Any CPU
		{C781B8BC-603A-4290-9FD3-C3C2F855C661}.Release|x86.ActiveCfg = Release|Any CPU
		{C781B8BC-603A-4290-9FD3-C3C2F855C661}.Release|x86.Build.0 = Release|Any CPU
		{3AB2B9B7-8A73-4315-939C-B4BC01929BCD}.Debug|Any CPU.ActiveCfg = Debug|Any CPU
		{3AB2B9B7-8A73-4315-939C-B4BC01929BCD}.Debug|Any CPU.Build.0 = Debug|Any CPU
		{3AB2B9B7-8A73-4315-939C-B4BC01929BCD}.Debug|x64.ActiveCfg = Debug|Any CPU
		{3AB2B9B7-8A73-4315-939C-B4BC01929BCD}.Debug|x64.Build.0 = Debug|Any CPU
		{3AB2B9B7-8A73-4315-939C-B4BC01929BCD}.Debug|x86.ActiveCfg = Debug|Any CPU
		{3AB2B9B7-8A73-4315-939C-B4BC01929BCD}.Debug|x86.Build.0 = Debug|Any CPU
		{3AB2B9B7-8A73-4315-939C-B4BC01929BCD}.Release|Any CPU.ActiveCfg = Release|Any CPU
		{3AB2B9B7-8A73-4315-939C-B4BC01929BCD}.Release|Any CPU.Build.0 = Release|Any CPU
		{3AB2B9B7-8A73-4315-939C-B4BC01929BCD}.Release|x64.ActiveCfg = Release|Any CPU
		{3AB2B9B7-8A73-4315-939C-B4BC01929BCD}.Release|x64.Build.0 = Release|Any CPU
		{3AB2B9B7-8A73-4315-939C-B4BC01929BCD}.Release|x86.ActiveCfg = Release|Any CPU
		{3AB2B9B7-8A73-4315-939C-B4BC01929BCD}.Release|x86.Build.0 = Release|Any CPU
		{D2D120C4-A9E2-4992-AEE1-315F2E5E492F}.Debug|Any CPU.ActiveCfg = Debug|Any CPU
		{D2D120C4-A9E2-4992-AEE1-315F2E5E492F}.Debug|Any CPU.Build.0 = Debug|Any CPU
		{D2D120C4-A9E2-4992-AEE1-315F2E5E492F}.Debug|x64.ActiveCfg = Debug|Any CPU
		{D2D120C4-A9E2-4992-AEE1-315F2E5E492F}.Debug|x64.Build.0 = Debug|Any CPU
		{D2D120C4-A9E2-4992-AEE1-315F2E5E492F}.Debug|x86.ActiveCfg = Debug|Any CPU
		{D2D120C4-A9E2-4992-AEE1-315F2E5E492F}.Debug|x86.Build.0 = Debug|Any CPU
		{D2D120C4-A9E2-4992-AEE1-315F2E5E492F}.Release|Any CPU.ActiveCfg = Release|Any CPU
		{D2D120C4-A9E2-4992-AEE1-315F2E5E492F}.Release|Any CPU.Build.0 = Release|Any CPU
		{D2D120C4-A9E2-4992-AEE1-315F2E5E492F}.Release|x64.ActiveCfg = Release|Any CPU
		{D2D120C4-A9E2-4992-AEE1-315F2E5E492F}.Release|x64.Build.0 = Release|Any CPU
		{D2D120C4-A9E2-4992-AEE1-315F2E5E492F}.Release|x86.ActiveCfg = Release|Any CPU
		{D2D120C4-A9E2-4992-AEE1-315F2E5E492F}.Release|x86.Build.0 = Release|Any CPU
		{AF578493-D9C2-43EF-BD6A-360ECE62090D}.Debug|Any CPU.ActiveCfg = Debug|Any CPU
		{AF578493-D9C2-43EF-BD6A-360ECE62090D}.Debug|Any CPU.Build.0 = Debug|Any CPU
		{AF578493-D9C2-43EF-BD6A-360ECE62090D}.Debug|x64.ActiveCfg = Debug|Any CPU
		{AF578493-D9C2-43EF-BD6A-360ECE62090D}.Debug|x64.Build.0 = Debug|Any CPU
		{AF578493-D9C2-43EF-BD6A-360ECE62090D}.Debug|x86.ActiveCfg = Debug|Any CPU
		{AF578493-D9C2-43EF-BD6A-360ECE62090D}.Debug|x86.Build.0 = Debug|Any CPU
		{AF578493-D9C2-43EF-BD6A-360ECE62090D}.Release|Any CPU.ActiveCfg = Release|Any CPU
		{AF578493-D9C2-43EF-BD6A-360ECE62090D}.Release|Any CPU.Build.0 = Release|Any CPU
		{AF578493-D9C2-43EF-BD6A-360ECE62090D}.Release|x64.ActiveCfg = Release|Any CPU
		{AF578493-D9C2-43EF-BD6A-360ECE62090D}.Release|x64.Build.0 = Release|Any CPU
		{AF578493-D9C2-43EF-BD6A-360ECE62090D}.Release|x86.ActiveCfg = Release|Any CPU
		{AF578493-D9C2-43EF-BD6A-360ECE62090D}.Release|x86.Build.0 = Release|Any CPU
	EndGlobalSection
	GlobalSection(SolutionProperties) = preSolution
		HideSolutionNode = FALSE
	EndGlobalSection
EndGlobal
